{
  "name": "lab2",
  "version": "1.0.0",
  "lockfileVersion": 1,
  "requires": true,
  "dependencies": {
    "webprogbase-console-view": {
      "version": "1.2.0",
      "resolved": "https://registry.npmjs.org/webprogbase-console-view/-/webprogbase-console-view-1.2.0.tgz",
      "integrity": "sha512-VvyUK13QAPpsthPXEn+bFy9HKgsFJ4u1h5t+L4KV8WKkXEGdFdHKMo2DvJFqrFJbMoKLAURcaeXgLMfXBZlEUg=="
    }
  }
}
